
Microsoft Visual Studio Solution File, Format Version 12.00
# Visual Studio Version 17
VisualStudioVersion = 17.10.35122.118
MinimumVisualStudioVersion = 10.0.40219.1
Project("{FAE04EC0-301F-11D3-BF4B-00C04F79EFBC}") = "Ramais", "Ramais.csproj", "{A06763BE-80B4-49E2-8ACA-6A1730FA93E4}"
EndProject
Global
	GlobalSection(SolutionConfigurationPlatforms) = preSolution
		Debug|Any CPU = Debug|Any CPU
		Release|Any CPU = Release|Any CPU
	EndGlobalSection
	GlobalSection(ProjectConfigurationPlatforms) = postSolution
		{A06763BE-80B4-49E2-8ACA-6A1730FA93E4}.Debug|Any CPU.ActiveCfg = Debug|Any CPU
		{A06763BE-80B4-49E2-8ACA-6A1730FA93E4}.Debug|Any CPU.Build.0 = Debug|Any CPU
		{A06763BE-80B4-49E2-8ACA-6A1730FA93E4}.Release|Any CPU.ActiveCfg = Release|Any CPU
		{A06763BE-80B4-49E2-8ACA-6A1730FA93E4}.Release|Any CPU.Build.0 = Release|Any CPU
	EndGlobalSection
	GlobalSection(SolutionProperties) = preSolution
		HideSolutionNode = FALSE
	EndGlobalSection
	GlobalSection(ExtensibilityGlobals) = postSolution
		SolutionGuid = {DB178E0C-07B5-407D-AE83-19BBA7EEED2C}
	EndGlobalSection
EndGlobal
